# This file is autogenerated, do not edit; changes may be undone by the next 'dep ensure'.


[[projects]]
  digest = "1:df9806ba7cce07f293eddee13e1360d2319e87598e9a1c9b1b295352ab640c0c"
  name = "cloud.google.com/go"
  packages = [
    ".",
    "compute/metadata",
    "iam",
    "internal",
    "internal/optional",
    "internal/trace",
    "internal/version",
    "storage"
  ]
  pruneopts = "UT"
  revision = "d96ccb2ba7586bb79a416471882d347754a78ce5"
  version = "v0.53.0"

[[projects]]
  digest = "1:602649ff074ccee9273e1d3b25c4069f13a70fa0c232957c7d68a6f02fb7a9ea"
  name = "github.com/Azure/azure-pipeline-go"
  packages = ["pipeline"]
  pruneopts = "UT"
  revision = "232aee85e8e3a6223a11c0943f7df2ae0fac00e4"
  version = "v0.2.2"

[[projects]]
  digest = "1:944ce4661d6d7d30dddfa1dbd1694de48efa1cea3152ad51e0543830596e110e"
  name = "github.com/Azure/azure-sdk-for-go"
  packages = [
    "services/storage/mgmt/2017-06-01/storage",
    "version"
  ]
  pruneopts = "UT"
  revision = "0aac01c260f21d958b4cf0b67e7dd231212e7a56"
  version = "v39.2.0"

[[projects]]
  digest = "1:5041865c1d50f6c46e3aa0638741539129d0a48924abdcc850f93c53af5cac36"
  name = "github.com/Azure/azure-storage-blob-go"
  packages = ["azblob"]
  pruneopts = "UT"
  revision = "fc700035fe4a7020f50d49f420b3c088aed57e03"
  version = "v0.8.0"

[[projects]]
  digest = "1:24f3d5aa436b7cf0244efff65e6346602eb0af08e1026bb9d1940b458c5326f9"
  name = "github.com/Azure/go-autorest"
  packages = [
    "autorest",
    "autorest/adal",
    "autorest/azure",
    "autorest/date",
    "autorest/to",
    "autorest/validation",
    "logger",
    "tracing"
  ]
  pruneopts = "UT"
  revision = "327ff6ce8b902f9afe648d5ea8ff6dc26c26f150"
  version = "v13.4.0"

[[projects]]
  digest = "1:9f3b30d9f8e0d7040f729b82dcbc8f0dead820a133b3147ce355fc451f32d761"
  name = "github.com/BurntSushi/toml"
  packages = ["."]
  pruneopts = "UT"
  revision = "3012a1dbe2e4bd1391d42b32f0577cb7bbc7f005"
  version = "v0.3.1"

[[projects]]
  branch = "master"
  digest = "1:125f098c5294814b5d9ce2194f03a435c35a6208f029e61681bed9a893d68133"
  name = "github.com/alecthomas/template"
  packages = [
    ".",
    "parse"
  ]
  pruneopts = "UT"
  revision = "fb15b899a75114aa79cc930e33c46b577cc664b1"

[[projects]]
  branch = "master"
  digest = "1:f780e2e814981de9dbdc2ca49d6c91d4aa4e2a1639ebc4106fafb0dc54fa5bd8"
  name = "github.com/alecthomas/units"
  packages = ["."]
  pruneopts = "UT"
  revision = "f65c72e2690dc4b403c8bd637baf4611cd4c069b"

[[projects]]
  digest = "1:b88dd272a8e365218ee7f8041f8360774da633868c53584274a894390087b112"
  name = "github.com/aws/aws-sdk-go-v2"
  packages = [
    "aws",
    "aws/arn",
    "aws/awserr",
    "aws/defaults",
    "aws/ec2metadata",
    "aws/ec2rolecreds",
    "aws/endpointcreds",
    "aws/endpoints",
    "aws/external",
    "aws/signer/v4",
    "aws/stscreds",
    "internal/awsutil",
    "internal/ini",
    "internal/sdk",
    "private/protocol",
    "private/protocol/ec2query",
    "private/protocol/query",
    "private/protocol/query/queryutil",
    "private/protocol/rest",
    "private/protocol/restxml",
    "private/protocol/xml",
    "private/protocol/xml/xmlutil",
    "service/ec2",
    "service/iam",
    "service/rds",
    "service/s3",
    "service/s3/internal/arn",
    "service/s3/internal/external",
    "service/sts"
  ]
  pruneopts = "UT"
  revision = "dac592ff3f6d14728c94b166e82b0a5ef1393f2a"
  version = "v0.19.0"

[[projects]]
  branch = "master"
  digest = "1:98fff0ba0403b1a8bd24a2abf96f4f401277891d47645ff3b597458e6c17c769"
  name = "github.com/crossplane/crossplane"
  packages = [
    "apis",
    "apis/cache",
    "apis/cache/v1alpha1",
    "apis/compute",
    "apis/compute/v1alpha1",
    "apis/database",
    "apis/database/v1alpha1",
    "apis/kubernetes",
    "apis/kubernetes/v1alpha1",
    "apis/stacks",
    "apis/stacks/v1alpha1",
    "apis/storage",
    "apis/storage/v1alpha1",
    "apis/workload",
    "apis/workload/v1alpha1"
  ]
  pruneopts = "UT"
  revision = "557074689d7120b59146225c7cd390b808799185"

[[projects]]
  branch = "master"
  digest = "1:64d92ddcb533ac63b20b07e8a9cd3d31b55627ef5d7e5bf81a6e3ccc9a5e9f53"
  name = "github.com/crossplane/crossplane-runtime"
  packages = [
    "apis",
    "apis/core/v1alpha1",
    "pkg/meta",
    "pkg/resource"
  ]
  pruneopts = "UT"
  revision = "8948e50564b14517c2913378cd6bdac1ce02f316"

[[projects]]
  branch = "master"
  digest = "1:c7996b0cc3d144b7ae3aafd33be2b844c5a7c7263f5c01d209673026aaf6ce07"
  name = "github.com/crossplane/crossplane-tools"
  packages = [
    "cmd/angryjet",
    "internal/comments",
    "internal/fields",
    "internal/generate",
    "internal/match",
    "internal/method"
  ]
  pruneopts = "UT"
  revision = "bb8b2ce46330e9017a0f206434f21ce4efbdabd3"

[[projects]]
  branch = "master"
  digest = "1:2b7dec3f9f15d7c45bc47b50b718208ceab6839ac660fcaeee11403d75f6de76"
  name = "github.com/crossplane/stack-aws"
  packages = [
    "apis",
    "apis/cache/v1beta1",
    "apis/compute/v1alpha3",
    "apis/database/v1alpha3",
    "apis/database/v1beta1",
    "apis/identity/v1alpha3",
    "apis/network/v1alpha3",
    "apis/storage/v1alpha3",
    "apis/v1alpha3",
    "pkg/clients"
  ]
  pruneopts = "UT"
  revision = "84418e3ce38553d0074a2abfcbf01ec2fc5d54cc"

[[projects]]
  branch = "master"
  digest = "1:2c682ee079fa8948c92fa6094dfda8213c9c63cf08b2bcfc9a45ed82fc2d52e6"
  name = "github.com/crossplane/stack-azure"
  packages = [
    "apis",
    "apis/cache/v1beta1",
    "apis/compute/v1alpha3",
    "apis/database/v1alpha3",
    "apis/database/v1beta1",
    "apis/network/v1alpha3",
    "apis/storage/v1alpha3",
    "apis/v1alpha3"
  ]
  pruneopts = "UT"
  revision = "6b7f98d613fcff8c0fd6d8e0864b0ccfd54ed98f"

[[projects]]
  branch = "master"
  digest = "1:b690da69a03deea78f0ecf096e33d8bfeb97463812fa5d14afc7e3df1188d780"
  name = "github.com/crossplane/stack-gcp"
  packages = [
    "apis",
    "apis/cache/v1beta1",
    "apis/compute/v1alpha3",
    "apis/compute/v1beta1",
    "apis/container/v1alpha1",
    "apis/container/v1beta1",
    "apis/database/v1beta1",
    "apis/servicenetworking/v1beta1",
    "apis/storage/v1alpha3",
    "apis/v1alpha3",
    "pkg/clients",
    "pkg/clients/connection"
  ]
  pruneopts = "UT"
  revision = "53482e24eef73659efa53866f4c964ae8879beeb"

[[projects]]
  branch = "master"
  digest = "1:0d54a5469a594a674ccac6bf3863fd3cd74ab4c317a769fa4a26367ca6deb40d"
  name = "github.com/crossplane/stack-rook"
  packages = [
    "apis",
    "apis/database/v1alpha1",
    "apis/v1alpha1"
  ]
  pruneopts = "UT"
  revision = "6b4eef0f5fb09bd15c72d133525b96adcbc666db"

[[projects]]
  digest = "1:76e62cadfb857e4f8e4442799ef04dcc6111d187adac9a4a552a34cdf1862550"
  name = "github.com/dave/jennifer"
  packages = ["jen"]
  pruneopts = "UT"
  revision = "724ff9887965e893831e9493011297e6bc01ecb4"
  version = "v1.4.0"

[[projects]]
  digest = "1:ffe9824d294da03b391f44e1ae8281281b4afc1bdaa9588c9097785e3af10cec"
  name = "github.com/davecgh/go-spew"
  packages = ["spew"]
  pruneopts = "UT"
  revision = "8991bc29aa16c548c550c7ff78260e27b9ab7c73"
  version = "v1.1.1"

[[projects]]
  digest = "1:76dc72490af7174349349838f2fe118996381b31ea83243812a97e5a0fd5ed55"
  name = "github.com/dgrijalva/jwt-go"
  packages = ["."]
  pruneopts = "UT"
  revision = "06ea1031745cb8b3dab3f6a236daf2b0aa468b7e"
  version = "v3.2.0"

[[projects]]
  digest = "1:2b5f431fa18891a2ac0e02353c83fb3bf458fced6ccecd664b429054e0c4ce3b"
  name = "github.com/evanphx/json-patch"
  packages = ["."]
  pruneopts = "UT"
  revision = "bf22ed9311622d93e213ba31e4ae7a5771e5d379"
  version = "v4.6.0"

[[projects]]
  digest = "1:bde2a1ce1de28312f165a88926c12f4acd19dc4d7da96a445dfa5a29eae07a93"
  name = "github.com/fatih/color"
  packages = ["."]
  pruneopts = "UT"
  revision = "daf2830f2741ebb735b21709a520c5f37d642d85"
  version = "v1.9.0"

[[projects]]
  digest = "1:ef4bd1cd2563d93d3f48352fc24d499a4a2b54c11932814173653ece7db13800"
  name = "github.com/go-ini/ini"
  packages = ["."]
  pruneopts = "UT"
  revision = "32cf4f7e9c77f151e18b53067b55549b4d1d411d"
  version = "v1.52.0"

[[projects]]
  digest = "1:edd2fa4578eb086265db78a9201d15e76b298dfd0d5c379da83e9c61712cf6df"
  name = "github.com/go-logr/logr"
  packages = ["."]
  pruneopts = "UT"
  revision = "9fb12b3b21c5415d16ac18dc5cd42c1cfdd40c4e"
  version = "v0.1.0"

[[projects]]
  digest = "1:eec9b9a9f07a9b0de09431545481e22c233181b1af40170d0bc1f50b83690738"
  name = "github.com/gobuffalo/flect"
  packages = ["."]
  pruneopts = "UT"
  revision = "7a04ff140e0fd2ea77adfd5b8bd2b0c80ab739a9"
  version = "v0.2.1"

[[projects]]
  digest = "1:582e25eccee928dc12416ea4c23b6dae8f3b5687730632aa1473ebebe80a2359"
  name = "github.com/gogo/protobuf"
  packages = [
    "proto",
    "sortkeys"
  ]
  pruneopts = "UT"
  revision = "5628607bb4c51c3157aacc3a50f0ab707582b805"
  version = "v1.3.1"

[[projects]]
  branch = "master"
  digest = "1:b7cb6054d3dff43b38ad2e92492f220f57ae6087ee797dca298139776749ace8"
  name = "github.com/golang/groupcache"
  packages = ["lru"]
  pruneopts = "UT"
  revision = "8c9f03a8e57eb486e42badaed3fb287da51807ba"

[[projects]]
  digest = "1:9e0e066706e91c95586790bacfcae63b6d1f1ff33286e96cb4a5d64df45ca21e"
  name = "github.com/golang/protobuf"
  packages = [
    "proto",
    "protoc-gen-go",
    "protoc-gen-go/descriptor",
    "protoc-gen-go/generator",
    "protoc-gen-go/generator/internal/remap",
    "protoc-gen-go/grpc",
    "protoc-gen-go/plugin",
    "ptypes",
    "ptypes/any",
    "ptypes/duration",
    "ptypes/timestamp"
  ]
  pruneopts = "UT"
  revision = "d23c5127dc24889085f8ccea5c9d560a57a879d8"
  version = "v1.3.3"

[[projects]]
  digest = "1:f0ae868d945753df81e797524bb7f3c577bcf751ce515c18162d259ca3ff8de7"
  name = "github.com/google/go-cmp"
  packages = [
    "cmp",
    "cmp/cmpopts",
    "cmp/internal/diff",
    "cmp/internal/flags",
    "cmp/internal/function",
    "cmp/internal/value"
  ]
  pruneopts = "UT"
  revision = "5a6f75716e1203a923a78c9efb94089d857df0f6"
  version = "v0.4.0"

[[projects]]
  digest = "1:a840b166971a2e76fcc4fbafaa181ea109b92d461e7f9b608a49b70be2765bac"
  name = "github.com/google/gofuzz"
  packages = ["."]
  pruneopts = "UT"
  revision = "db92cf7ae75e4a7a28abc005addab2b394362888"
  version = "v1.1.0"

[[projects]]
  digest = "1:766102087520f9d54f2acc72bd6637045900ac735b4a419b128d216f0c5c4876"
  name = "github.com/googleapis/gax-go"
  packages = ["v2"]
  pruneopts = "UT"
  revision = "bd5b16380fd03dc758d11cef74ba2e3bc8b0e8c2"
  version = "v2.0.5"

[[projects]]
  digest = "1:e35285db21b7d730a52b891a959783e567ca516ea64f2748070f1f917fbccd82"
  name = "github.com/googleapis/gnostic"
  packages = [
    "OpenAPIv2",
    "compiler",
    "extensions"
  ]
  pruneopts = "UT"
  revision = "99384834bf8c58ce7ab88db353283bedcb53e1ca"
  version = "v0.4.0"

[[projects]]
  digest = "1:870d441fe217b8e689d7949fef6e43efbc787e50f200cb1e70dbca9204a1d6be"
  name = "github.com/inconshreveable/mousetrap"
  packages = ["."]
  pruneopts = "UT"
  revision = "76626ae9c91c4f2a10f34cad8ce83ea42c93bb75"
  version = "v1.0"

[[projects]]
  digest = "1:bb81097a5b62634f3e9fec1014657855610c82d19b9a40c17612e32651e35dca"
  name = "github.com/jmespath/go-jmespath"
  packages = ["."]
  pruneopts = "UT"
  revision = "c2b33e84"

[[projects]]
  digest = "1:7cd2924a44ecf80a319cfa2378529fabd348d011b739fb4eccc565f65e3296c4"
  name = "github.com/json-iterator/go"
  packages = ["."]
  pruneopts = "UT"
  revision = "acfec88f7a0d5140ace3dcdbee10184e3684a9e1"
  version = "v1.1.9"

[[projects]]
  digest = "1:076c531484852c227471112d49465873aaad47e5ad6e1aec3a5b092a436117ef"
  name = "github.com/jstemmer/go-junit-report"
  packages = [
    ".",
    "formatter",
    "parser"
  ]
  pruneopts = "UT"
  revision = "cc1f095d5cc5eca2844f5c5ea7bb37f6b9bf6cac"
  version = "v0.9.1"

[[projects]]
  digest = "1:4a29eeb25603debe8f2098a9902c4d3851034cf70d33be428826e86e8c30a1b0"
  name = "github.com/mattn/go-colorable"
  packages = ["."]
  pruneopts = "UT"
  revision = "98ec13f34aabf44cc914c65a1cfb7b9bc815aef1"
  version = "v0.1.4"

[[projects]]
  branch = "master"
  digest = "1:ddf636ba5fcbf3ab96a1508b6456790bbac8fe454cb7a0570b3c7d46924640ee"
  name = "github.com/mattn/go-ieproxy"
  packages = ["."]
  pruneopts = "UT"
  revision = "2dbc853185d9515cd0b7934cc7bfedab1565ac04"

[[projects]]
  digest = "1:0c58d31abe2a2ccb429c559b6292e7df89dcda675456fecc282fa90aa08273eb"
  name = "github.com/mattn/go-isatty"
  packages = ["."]
  pruneopts = "UT"
  revision = "7b513a986450394f7bbf1476909911b3aa3a55ce"
  version = "v0.0.12"

[[projects]]
  digest = "1:33422d238f147d247752996a26574ac48dcf472976eda7f5134015f06bf16563"
  name = "github.com/modern-go/concurrent"
  packages = ["."]
  pruneopts = "UT"
  revision = "bacd9c7ef1dd9b15be4a9909b8ac7a4e313eec94"
  version = "1.0.3"

[[projects]]
  digest = "1:e32bdbdb7c377a07a9a46378290059822efdce5c8d96fe71940d87cb4f918855"
  name = "github.com/modern-go/reflect2"
  packages = ["."]
  pruneopts = "UT"
  revision = "4b7aa43c6742a2c18fdef89dd197aaae7dac7ccd"
  version = "1.0.1"

[[projects]]
  digest = "1:cf31692c14422fa27c83a05292eb5cbe0fb2775972e8f1f8446a71549bd8980b"
  name = "github.com/pkg/errors"
  packages = ["."]
  pruneopts = "UT"
  revision = "ba968bfe8b2f7e042a574c888954fccecfa385b4"
  version = "v0.8.1"

[[projects]]
  digest = "1:e096613fb7cf34743d49af87d197663cfccd61876e2219853005a57baedfa562"
  name = "github.com/spf13/cobra"
  packages = ["."]
  pruneopts = "UT"
  revision = "f2b07da1e2c38d5f12845a4f607e2e1018cbb1f5"
  version = "v0.0.5"

[[projects]]
  digest = "1:524b71991fc7d9246cc7dc2d9e0886ccb97648091c63e30eef619e6862c955dd"
  name = "github.com/spf13/pflag"
  packages = ["."]
  pruneopts = "UT"
  revision = "2e9d26c8c37aae03e3f9d4e90b7116f5accb7cab"
  version = "v1.0.5"

[[projects]]
  digest = "1:5dae67f1206b3c9fe0ba183912b1ec204f2b688b8875116c245887c4a0d5ee77"
  name = "go.opencensus.io"
  packages = [
    ".",
    "internal",
    "internal/tagencoding",
    "metric/metricdata",
    "metric/metricproducer",
    "plugin/ochttp",
    "plugin/ochttp/propagation/b3",
    "resource",
    "stats",
    "stats/internal",
    "stats/view",
    "tag",
    "trace",
    "trace/internal",
    "trace/propagation",
    "trace/tracestate"
  ]
  pruneopts = "UT"
  revision = "d835ff86be02193d324330acdb7d65546b05f814"
  version = "v0.22.3"

[[projects]]
  branch = "master"
  digest = "1:ad2bf20798504fbde0c5bdf5ee83d3354fb101d32c5b2267f811c1958b91b0ab"
  name = "golang.org/x/crypto"
  packages = ["ssh/terminal"]
  pruneopts = "UT"
  revision = "1d94cc7ab1c630336ab82ccb9c9cda72a875c382"

[[projects]]
  branch = "master"
  digest = "1:b1444bc98b5838c3116ed23e231fee4fa8509f975abd96e5d9e67e572dd01604"
  name = "golang.org/x/exp"
  packages = [
    "apidiff",
    "cmd/apidiff"
  ]
  pruneopts = "UT"
  revision = "85f925bdd4d0aca4c3519b67f6473d0e17ccccfc"

[[projects]]
  branch = "master"
  digest = "1:802fc3c45ff4507b6e4a5c0c5ea55836242aeac3b8eddfe31d5d80a3cac50731"
  name = "golang.org/x/lint"
  packages = [
    ".",
    "golint"
  ]
  pruneopts = "UT"
  revision = "910be7a94367618fd0fd25eaabbee4fdc0ac7092"

[[projects]]
  digest = "1:467bb8fb8fa786448b8d486cd0bb7c1a5577dcd7310441aa02a20110cd9f727d"
  name = "golang.org/x/mod"
  packages = [
    "module",
    "semver"
  ]
  pruneopts = "UT"
  revision = "ed3ec21bb8e252814c380df79a80f366440ddb2d"
  version = "v0.2.0"

[[projects]]
  branch = "master"
  digest = "1:5f67a9b036edafc84affce89c5e3f4e303462e576561b84d83188459ce9da0aa"
  name = "golang.org/x/net"
  packages = [
    "context",
    "context/ctxhttp",
    "http/httpguts",
    "http/httpproxy",
    "http2",
    "http2/hpack",
    "idna",
    "internal/timeseries",
    "trace"
  ]
  pruneopts = "UT"
  revision = "16171245cfb220d5317888b716d69c1fb4e7992b"

[[projects]]
  branch = "master"
  digest = "1:79edde3241bb55de9f4143d5083bfcff722e550c3cb8db94084eab50d0e440b5"
  name = "golang.org/x/oauth2"
  packages = [
    ".",
    "google",
    "internal",
    "jws",
    "jwt"
  ]
  pruneopts = "UT"
  revision = "bf48bf16ab8d622ce64ec6ce98d2c98f916b6303"

[[projects]]
  branch = "master"
  digest = "1:b3239f5f7ef0ec522f37967ddee4fe39c6dd79c8dc48f9ab278a84f0877a242b"
  name = "golang.org/x/sys"
  packages = [
    "unix",
    "windows",
    "windows/registry"
  ]
  pruneopts = "UT"
  revision = "cb0a6d8edb6c3528b01a0be84a5fe513dbf880a6"

[[projects]]
  digest = "1:8d8faad6b12a3a4c819a3f9618cb6ee1fa1cfc33253abeeea8b55336721e3405"
  name = "golang.org/x/text"
  packages = [
    "collate",
    "collate/build",
    "internal/colltab",
    "internal/gen",
    "internal/language",
    "internal/language/compact",
    "internal/tag",
    "internal/triegen",
    "internal/ucd",
    "language",
    "secure/bidirule",
    "transform",
    "unicode/bidi",
    "unicode/cldr",
    "unicode/norm",
    "unicode/rangetable"
  ]
  pruneopts = "UT"
  revision = "342b2e1fbaa52c93f31447ad2c6abc048c63e475"
  version = "v0.3.2"

[[projects]]
  branch = "master"
  digest = "1:a2f668c709f9078828e99cb1768cb02e876cb81030545046a32b54b2ac2a9ea8"
  name = "golang.org/x/time"
  packages = ["rate"]
  pruneopts = "UT"
  revision = "555d28b269f0569763d25dbe1a237ae74c6bcc82"

[[projects]]
  branch = "master"
  digest = "1:6d7dcadd23e678d4da5f4842121fdafa82548218cc43b1125362b8d778f4dd54"
  name = "golang.org/x/tools"
  packages = [
    "cmd/goimports",
    "go/analysis",
    "go/analysis/passes/inspect",
    "go/ast/astutil",
    "go/ast/inspector",
    "go/buildutil",
    "go/gcexportdata",
    "go/internal/gcimporter",
    "go/internal/packagesdriver",
    "go/packages",
    "go/types/objectpath",
    "go/types/typeutil",
    "internal/fastwalk",
    "internal/gopathwalk",
    "internal/imports",
    "internal/packagesinternal"
  ]
  pruneopts = "UT"
  revision = "ca8c272a4d492aa43e447f8b340327bd372f0e91"

[[projects]]
  branch = "master"
  digest = "1:918a46e4a2fb83df33f668f5a6bd51b2996775d073fce1800d3ec01b0a5ddd2b"
  name = "golang.org/x/xerrors"
  packages = [
    ".",
    "internal"
  ]
  pruneopts = "UT"
  revision = "9bdfabe68543c54f90421aeb9a60ef8061b5b544"

[[projects]]
  digest = "1:94c5018c4b66510d5b5da0a4dea560388fd7fb9fb025e7aee00530f8901e6aeb"
  name = "google.golang.org/api"
  packages = [
    "compute/v1",
    "googleapi",
    "googleapi/transport",
    "internal",
    "internal/gensupport",
    "internal/third_party/uritemplates",
    "iterator",
    "option",
    "servicenetworking/v1",
    "storage/v1",
    "transport/http",
    "transport/http/internal/propagation"
  ]
  pruneopts = "UT"
  revision = "6f5c88b9e8c709c0f1fff128c30b041c71d14da4"
  version = "v0.17.0"

[[projects]]
  digest = "1:3c03b58f57452764a4499c55c582346c0ee78c8a5033affe5bdfd9efd3da5bd1"
  name = "google.golang.org/appengine"
  packages = [
    ".",
    "internal",
    "internal/app_identity",
    "internal/base",
    "internal/datastore",
    "internal/log",
    "internal/modules",
    "internal/remote_api",
    "internal/urlfetch",
    "urlfetch"
  ]
  pruneopts = "UT"
  revision = "971852bfffca25b069c31162ae8f247a3dba083b"
  version = "v1.6.5"

[[projects]]
  branch = "master"
  digest = "1:5a7bdfd51baef69881121709cf4dc049b1be1c0a27402feb26a1d365530725b5"
  name = "google.golang.org/genproto"
  packages = [
    "googleapis/api/annotations",
    "googleapis/iam/v1",
    "googleapis/rpc/code",
    "googleapis/rpc/status",
    "googleapis/type/expr"
  ]
  pruneopts = "UT"
  revision = "dad8c97a84f542cf0c67e3ab67b1c09e795fb4af"

[[projects]]
  digest = "1:de21a2d5b9c8697d83f5ab48f3e8fe3616c33ac4b2d057083662dede0e81488e"
  name = "google.golang.org/grpc"
  packages = [
    ".",
    "attributes",
    "backoff",
    "balancer",
    "balancer/base",
    "balancer/roundrobin",
    "binarylog/grpc_binarylog_v1",
    "codes",
    "connectivity",
    "credentials",
    "credentials/internal",
    "encoding",
    "encoding/proto",
    "grpclog",
    "internal",
    "internal/backoff",
    "internal/balancerload",
    "internal/binarylog",
    "internal/buffer",
    "internal/channelz",
    "internal/envconfig",
    "internal/grpcrand",
    "internal/grpcsync",
    "internal/resolver/dns",
    "internal/resolver/passthrough",
    "internal/syscall",
    "internal/transport",
    "keepalive",
    "metadata",
    "naming",
    "peer",
    "resolver",
    "serviceconfig",
    "stats",
    "status",
    "tap"
  ]
  pruneopts = "UT"
  revision = "f495f5b15ae7ccda3b38c53a1bfcde4c1a58a2bc"
  version = "v1.27.1"

[[projects]]
  digest = "1:c06d9e11d955af78ac3bbb26bd02e01d2f61f689e1a3bce2ef6fb683ef8a7f2d"
  name = "gopkg.in/alecthomas/kingpin.v2"
  packages = ["."]
  pruneopts = "UT"
  revision = "947dcec5ba9c011838740e680966fd7087a71d0d"
  version = "v2.2.6"

[[projects]]
  digest = "1:2d1fbdc6777e5408cabeb02bf336305e724b925ff4546ded0fa8715a7267922a"
  name = "gopkg.in/inf.v0"
  packages = ["."]
  pruneopts = "UT"
  revision = "d2d2541c53f18d2a059457998ce2876cc8e67cbf"
  version = "v0.9.1"

[[projects]]
  digest = "1:55b110c99c5fdc4f14930747326acce56b52cfce60b24b1c03ef686ac0e46bb1"
  name = "gopkg.in/yaml.v2"
  packages = ["."]
  pruneopts = "UT"
  revision = "53403b58ad1b561927d19068c655246f2db79d48"
  version = "v2.2.8"

[[projects]]
  branch = "v3"
  digest = "1:5dd84ad9c8f79cb5380860f4197f1d68e2427aab6d899a11e975029e97d5c626"
  name = "gopkg.in/yaml.v3"
  packages = ["."]
  pruneopts = "UT"
  revision = "a6ecf24a6d716d933bcbc255a2f5d492285b54f5"

[[projects]]
  digest = "1:131158a88aad1f94854d0aa21a64af2802d0a470fb0f01cb33c04fafd2047111"
  name = "honnef.co/go/tools"
  packages = [
    "arg",
    "cmd/staticcheck",
    "config",
    "deprecated",
    "facts",
    "functions",
    "go/types/typeutil",
    "internal/cache",
    "internal/passes/buildssa",
    "internal/renameio",
    "internal/sharedcheck",
    "lint",
    "lint/lintdsl",
    "lint/lintutil",
    "lint/lintutil/format",
    "loader",
    "printf",
    "simple",
    "ssa",
    "ssautil",
    "staticcheck",
    "staticcheck/vrp",
    "stylecheck",
    "unused",
    "version"
  ]
  pruneopts = "UT"
  revision = "afd67930eec2a9ed3e9b19f684d17a062285f16a"
  version = "2019.2.3"

[[projects]]
  digest = "1:57858c910b7c29c64f742c34df7bc6ce76ea72e561276c80c0eda16980443736"
  name = "k8s.io/api"
  packages = [
    "admissionregistration/v1beta1",
    "apps/v1",
    "apps/v1beta1",
    "apps/v1beta2",
    "auditregistration/v1alpha1",
    "authentication/v1",
    "authentication/v1beta1",
    "authorization/v1",
    "authorization/v1beta1",
    "autoscaling/v1",
    "autoscaling/v2beta1",
    "autoscaling/v2beta2",
    "batch/v1",
    "batch/v1beta1",
    "batch/v2alpha1",
    "certificates/v1beta1",
    "coordination/v1",
    "coordination/v1beta1",
    "core/v1",
    "events/v1beta1",
    "extensions/v1beta1",
    "networking/v1",
    "networking/v1beta1",
    "node/v1alpha1",
    "node/v1beta1",
    "policy/v1beta1",
    "rbac/v1",
    "rbac/v1alpha1",
    "rbac/v1beta1",
    "scheduling/v1",
    "scheduling/v1alpha1",
    "scheduling/v1beta1",
    "settings/v1alpha1",
    "storage/v1",
    "storage/v1alpha1",
    "storage/v1beta1"
  ]
  pruneopts = "UT"
  revision = "ef0cd3ac5f239dcd07b58dc7f6f0698d7aa74efd"
  version = "v0.17.3"

[[projects]]
  digest = "1:97d68e1b4c043da3a358cbfb4076e416199452c06e326b2ca0eef721b52aa1a4"
  name = "k8s.io/apiextensions-apiserver"
  packages = [
    "pkg/apis/apiextensions",
    "pkg/apis/apiextensions/v1",
    "pkg/apis/apiextensions/v1beta1"
  ]
  pruneopts = "UT"
  revision = "ee42d6166f481443ff2894b657bc866d6145d3aa"
  version = "v0.17.3"

[[projects]]
  digest = "1:05684db75ecdf9331aed606b5af9636aabff394a7f035770464c9a910ede357e"
  name = "k8s.io/apimachinery"
  packages = [
    "pkg/api/equality",
    "pkg/api/errors",
    "pkg/api/meta",
    "pkg/api/resource",
    "pkg/apis/meta/v1",
    "pkg/apis/meta/v1/unstructured",
    "pkg/conversion",
    "pkg/conversion/queryparams",
    "pkg/fields",
    "pkg/labels",
    "pkg/runtime",
    "pkg/runtime/schema",
    "pkg/runtime/serializer",
    "pkg/runtime/serializer/json",
    "pkg/runtime/serializer/protobuf",
    "pkg/runtime/serializer/recognizer",
    "pkg/runtime/serializer/streaming",
    "pkg/runtime/serializer/versioning",
    "pkg/selection",
    "pkg/types",
    "pkg/util/clock",
    "pkg/util/errors",
    "pkg/util/framer",
    "pkg/util/intstr",
    "pkg/util/json",
    "pkg/util/naming",
    "pkg/util/net",
    "pkg/util/runtime",
    "pkg/util/sets",
    "pkg/util/validation",
    "pkg/util/validation/field",
    "pkg/util/yaml",
    "pkg/version",
    "pkg/watch",
    "third_party/forked/golang/reflect"
  ]
  pruneopts = "UT"
  revision = "731dcecc205498f52a21b12e311af095efb4b188"
  version = "v0.17.3"

[[projects]]
  digest = "1:1da845b07fc77751d0e49c23e2af9e3c3e431f5aa154a1d1cd21faa3ce384f7b"
  name = "k8s.io/client-go"
  packages = [
    "discovery",
    "dynamic",
    "kubernetes/scheme",
    "pkg/apis/clientauthentication",
    "pkg/apis/clientauthentication/v1alpha1",
    "pkg/apis/clientauthentication/v1beta1",
    "pkg/version",
    "plugin/pkg/client/auth/exec",
    "rest",
    "rest/watch",
    "restmapper",
    "tools/clientcmd/api",
    "tools/metrics",
    "transport",
    "util/cert",
    "util/connrotation",
    "util/flowcontrol",
    "util/keyutil",
    "util/workqueue"
  ]
  pruneopts = "UT"
  revision = "78d2af792babf2dd937ba2e2a8d99c753a5eda89"
  version = "v12.0.0"

[[projects]]
  branch = "master"
  digest = "1:c66e8ff36398aed19160f64b666157c25beccec542770308823f67bc706f297f"
  name = "k8s.io/gengo"
  packages = [
    "parser",
    "types"
  ]
  pruneopts = "UT"
  revision = "e0e292d8aa122d458174e1bef5f142b4d0a67a05"

[[projects]]
  digest = "1:ccb9be4c583b6ec848eb98aa395a4e8c8f8ad9ebb823642c0dd1c1c45939a5bb"
  name = "k8s.io/klog"
  packages = ["."]
  pruneopts = "UT"
  revision = "3ca30a56d8a775276f9cdae009ba326fdc05af7f"
  version = "v0.4.0"

[[projects]]
  branch = "master"
  digest = "1:01dbe4c86aa758aaa7502784c7e81642f3f0995c0fd6a094a8daaf5cb962ac73"
  name = "k8s.io/utils"
  packages = [
    "integer",
    "pointer"
  ]
  pruneopts = "UT"
  revision = "861946025e3491219eaccb1bf693e23df70c2fa8"

[[projects]]
  digest = "1:c22459d4948cb86fa8e5b7c17bf435d41a1b2a17a340ae3f1fe1c748ec77366f"
  name = "sigs.k8s.io/controller-runtime"
  packages = [
    "pkg/client",
    "pkg/client/apiutil",
    "pkg/controller/controllerutil",
    "pkg/event",
    "pkg/internal/log",
    "pkg/log",
    "pkg/predicate",
    "pkg/reconcile",
    "pkg/scheme"
  ]
  pruneopts = "UT"
  revision = "0fcf28efebc9a977c954f00d40af966d6a4aeae3"
  version = "v0.5.0"

[[projects]]
  digest = "1:c3b66c36a76477b4c15d438b8bcfa293a62a32d53d256dcdf5f43e617c126536"
  name = "sigs.k8s.io/controller-tools"
  packages = [
    "cmd/controller-gen",
    "pkg/crd",
    "pkg/crd/markers",
    "pkg/deepcopy",
    "pkg/genall",
    "pkg/genall/help",
    "pkg/genall/help/pretty",
    "pkg/loader",
    "pkg/markers",
    "pkg/rbac",
    "pkg/schemapatcher",
    "pkg/schemapatcher/internal/yaml",
    "pkg/version",
    "pkg/webhook"
  ]
  pruneopts = "UT"
  revision = "2bc3f5eb99cc72cc15775c1f3314cba8c1093627"
  version = "v0.2.5"

[[projects]]
  digest = "1:36d2b2cb1fa6e4a731e38c3582c203213cdbc52c5f202af07db6dc6eeaec88dc"
  name = "sigs.k8s.io/yaml"
  packages = ["."]
  pruneopts = "UT"
  revision = "9fc95527decd95bb9d28cc2eab08179b2d0f6971"
  version = "v1.2.0"

[solve-meta]
  analyzer-name = "dep"
  analyzer-version = 1
  input-imports = [
    "github.com/crossplane/crossplane-runtime/apis",
    "github.com/crossplane/crossplane/apis",
    "github.com/crossplane/stack-aws/apis",
    "github.com/crossplane/stack-azure/apis",
    "github.com/crossplane/stack-gcp/apis",
    "github.com/crossplane/stack-rook/apis",
    "github.com/pkg/errors",
    "k8s.io/gengo/parser",
    "k8s.io/gengo/types",
    "k8s.io/klog"
  ]
  solver-name = "gps-cdcl"
  solver-version = 1
